// !$*UTF8*$!
{
	archiveVersion = 1;
	classes = {
	};
	objectVersion = 50;
	objects = {

/* Begin PBXBuildFile section */
		0726D79620ADFE250058B04F /* GoogleService-Info.plist in Resources */ = {isa = PBXBuildFile; fileRef = 0726D79520ADFE250058B04F /* GoogleService-Info.plist */; };
		078710C320ADF17F00B7E020 /* AppDelegate.swift in Sources */ = {isa = PBXBuildFile; fileRef = 078710C220ADF17F00B7E020 /* AppDelegate.swift */; };
		078710C520ADF17F00B7E020 /* ViewController.swift in Sources */ = {isa = PBXBuildFile; fileRef = 078710C420ADF17F00B7E020 /* ViewController.swift */; };
		078710C820ADF17F00B7E020 /* Main.storyboard in Resources */ = {isa = PBXBuildFile; fileRef = 078710C620ADF17F00B7E020 /* Main.storyboard */; };
		078710CA20ADF18000B7E020 /* Assets.xcassets in Resources */ = {isa = PBXBuildFile; fileRef = 078710C920ADF18000B7E020 /* Assets.xcassets */; };
		078710CD20ADF18000B7E020 /* LaunchScreen.storyboard in Resources */ = {isa = PBXBuildFile; fileRef = 078710CB20ADF18000B7E020 /* LaunchScreen.storyboard */; };
		EC562CFA0F5341064C9DD26D /* Pods_Runmapr.framework in Frameworks */ = {isa = PBXBuildFile; fileRef = DB740DAD76C2AC7ADC9D0B9C /* Pods_Runmapr.framework */; };
/* End PBXBuildFile section */

/* Begin PBXFileReference section */
		0726D79520ADFE250058B04F /* GoogleService-Info.plist */ = {isa = PBXFileReference; fileEncoding = 4; lastKnownFileType = text.plist.xml; path = "GoogleService-Info.plist"; sourceTree = "<group>"; };
		078710BF20ADF17F00B7E020 /* Runmapr.app */ = {isa = PBXFileReference; explicitFileType = wrapper.application; includeInIndex = 0; path = Runmapr.app; sourceTree = BUILT_PRODUCTS_DIR; };
		078710C220ADF17F00B7E020 /* AppDelegate.swift */ = {isa = PBXFileReference; lastKnownFileType = sourcecode.swift; path = AppDelegate.swift; sourceTree = "<group>"; };
		078710C420ADF17F00B7E020 /* ViewController.swift */ = {isa = PBXFileReference; lastKnownFileType = sourcecode.swift; path = ViewController.swift; sourceTree = "<group>"; };
		078710C720ADF17F00B7E020 /* Base */ = {isa = PBXFileReference; lastKnownFileType = file.storyboard; name = Base; path = Base.lproj/Main.storyboard; sourceTree = "<group>"; };
		078710C920ADF18000B7E020 /* Assets.xcassets */ = {isa = PBXFileReference; lastKnownFileType = folder.assetcatalog; path = Assets.xcassets; sourceTree = "<group>"; };
		078710CC20ADF18000B7E020 /* Base */ = {isa = PBXFileReference; lastKnownFileType = file.storyboard; name = Base; path = Base.lproj/LaunchScreen.storyboard; sourceTree = "<group>"; };
		078710CE20ADF18000B7E020 /* Info.plist */ = {isa = PBXFileReference; lastKnownFileType = text.plist.xml; path = Info.plist; sourceTree = "<group>"; };
		5CE033654599923F11850B2F /* Pods-Runmapr.debug.xcconfig */ = {isa = PBXFileReference; includeInIndex = 1; lastKnownFileType = text.xcconfig; name = "Pods-Runmapr.debug.xcconfig"; path = "Pods/Target Support Files/Pods-Runmapr/Pods-Runmapr.debug.xcconfig"; sourceTree = "<group>"; };
		B2F447BAFACD5F9E8C4E1FA5 /* Pods-Runmapr.release.xcconfig */ = {isa = PBXFileReference; includeInIndex = 1; lastKnownFileType = text.xcconfig; name = "Pods-Runmapr.release.xcconfig"; path = "Pods/Target Support Files/Pods-Runmapr/Pods-Runmapr.release.xcconfig"; sourceTree = "<group>"; };
		DB740DAD76C2AC7ADC9D0B9C /* Pods_Runmapr.framework */ = {isa = PBXFileReference; explicitFileType = wrapper.framework; includeInIndex = 0; path = Pods_Runmapr.framework; sourceTree = BUILT_PRODUCTS_DIR; };
/* End PBXFileReference section */

/* Begin PBXFrameworksBuildPhase section */
		078710BC20ADF17F00B7E020 /* Frameworks */ = {
			isa = PBXFrameworksBuildPhase;
			buildActionMask = 2147483647;
			files = (
				EC562CFA0F5341064C9DD26D /* Pods_Runmapr.framework in Frameworks */,
			);
			runOnlyForDeploymentPostprocessing = 0;
		};
/* End PBXFrameworksBuildPhase section */

/* Begin PBXGroup section */
		078710B620ADF17F00B7E020 = {
			isa = PBXGroup;
			children = (
				078710C120ADF17F00B7E020 /* Runmapr */,
				078710C020ADF17F00B7E020 /* Products */,
				82BF3CFE6675895D4360A32A /* Pods */,
				6F544CF5DAF1F363CF998383 /* Frameworks */,
			);
			sourceTree = "<group>";
		};
		078710C020ADF17F00B7E020 /* Products */ = {
			isa = PBXGroup;
			children = (
				078710BF20ADF17F00B7E020 /* Runmapr.app */,
			);
			name = Products;
			sourceTree = "<group>";
		};
		078710C120ADF17F00B7E020 /* Runmapr */ = {
			isa = PBXGroup;
			children = (
				078710C220ADF17F00B7E020 /* AppDelegate.swift */,
				078710C420ADF17F00B7E020 /* ViewController.swift */,
				078710C620ADF17F00B7E020 /* Main.storyboard */,
				078710C920ADF18000B7E020 /* Assets.xcassets */,
				078710CB20ADF18000B7E020 /* LaunchScreen.storyboard */,
				078710CE20ADF18000B7E020 /* Info.plist */,
				0726D79520ADFE250058B04F /* GoogleService-Info.plist */,
			);
			path = Runmapr;
			sourceTree = "<group>";
		};
		6F544CF5DAF1F363CF998383 /* Frameworks */ = {
			isa = PBXGroup;
			children = (
				DB740DAD76C2AC7ADC9D0B9C /* Pods_Runmapr.framework */,
			);
			name = Frameworks;
			sourceTree = "<group>";
		};
		82BF3CFE6675895D4360A32A /* Pods */ = {
			isa = PBXGroup;
			children = (
				5CE033654599923F11850B2F /* Pods-Runmapr.debug.xcconfig */,
				B2F447BAFACD5F9E8C4E1FA5 /* Pods-Runmapr.release.xcconfig */,
			);
			name = Pods;
			sourceTree = "<group>";
		};
/* End PBXGroup section */

/* Begin PBXNativeTarget section */
		078710BE20ADF17F00B7E020 /* Runmapr */ = {
			isa = PBXNativeTarget;
			buildConfigurationList = 078710D120ADF18000B7E020 /* Build configuration list for PBXNativeTarget "Runmapr" */;
			buildPhases = (
				F0F49666349C7CDBC39AEECD /* [CP] Check Pods Manifest.lock */,
				078710BB20ADF17F00B7E020 /* Sources */,
				078710BC20ADF17F00B7E020 /* Frameworks */,
				078710BD20ADF17F00B7E020 /* Resources */,
				9E1C994FAE03FB12C69026FE /* [CP] Embed Pods Frameworks */,
				99D739287B0AB71041E1004C /* [CP] Copy Pods Resources */,
			);
			buildRules = (
			);
			dependencies = (
			);
			name = Runmapr;
			productName = Runmapr;
			productReference = 078710BF20ADF17F00B7E020 /* Runmapr.app */;
			productType = "com.apple.product-type.application";
		};
/* End PBXNativeTarget section */

/* Begin PBXProject section */
		078710B720ADF17F00B7E020 /* Project object */ = {
			isa = PBXProject;
			attributes = {
				LastSwiftUpdateCheck = 0930;
				LastUpgradeCheck = 0930;
				ORGANIZATIONNAME = "AGB Design";
				TargetAttributes = {
					078710BE20ADF17F00B7E020 = {
						CreatedOnToolsVersion = 9.3.1;
					};
				};
			};
			buildConfigurationList = 078710BA20ADF17F00B7E020 /* Build configuration list for PBXProject "Runmapr" */;
			compatibilityVersion = "Xcode 9.3";
			developmentRegion = en;
			hasScannedForEncodings = 0;
			knownRegions = (
				en,
				Base,
			);
			mainGroup = 078710B620ADF17F00B7E020;
			productRefGroup = 078710C020ADF17F00B7E020 /* Products */;
			projectDirPath = "";
			projectRoot = "";
			targets = (
				078710BE20ADF17F00B7E020 /* Runmapr */,
			);
		};
/* End PBXProject section */

/* Begin PBXResourcesBuildPhase section */
		078710BD20ADF17F00B7E020 /* Resources */ = {
			isa = PBXResourcesBuildPhase;
			buildActionMask = 2147483647;
			files = (
				078710CD20ADF18000B7E020 /* LaunchScreen.storyboard in Resources */,
				0726D79620ADFE250058B04F /* GoogleService-Info.plist in Resources */,
				078710CA20ADF18000B7E020 /* Assets.xcassets in Resources */,
				078710C820ADF17F00B7E020 /* Main.storyboard in Resources */,
			);
			runOnlyForDeploymentPostprocessing = 0;
		};
/* End PBXResourcesBuildPhase section */

/* Begin PBXShellScriptBuildPhase section */
		99D739287B0AB71041E1004C /* [CP] Copy Pods Resources */ = {
			isa = PBXShellScriptBuildPhase;
			buildActionMask = 2147483647;
			files = (
			);
			inputPaths = (
				"${SRCROOT}/Pods/Target Support Files/Pods-Runmapr/Pods-Runmapr-resources.sh",
				"${PODS_ROOT}/GoogleMaps/Maps/Frameworks/GoogleMaps.framework/Resources/GoogleMaps.bundle",
				"${PODS_ROOT}/GooglePlaces/Frameworks/GooglePlaces.framework/Resources/GooglePlaces.bundle",
			);
			name = "[CP] Copy Pods Resources";
			outputPaths = (
				"${TARGET_BUILD_DIR}/${UNLOCALIZED_RESOURCES_FOLDER_PATH}/GoogleMaps.bundle",
				"${TARGET_BUILD_DIR}/${UNLOCALIZED_RESOURCES_FOLDER_PATH}/GooglePlaces.bundle",
			);
			runOnlyForDeploymentPostprocessing = 0;
			shellPath = /bin/sh;
			shellScript = "\"${SRCROOT}/Pods/Target Support Files/Pods-Runmapr/Pods-Runmapr-resources.sh\"\n";
			showEnvVarsInLog = 0;
		};
		9E1C994FAE03FB12C69026FE /* [CP] Embed Pods Frameworks */ = {
			isa = PBXShellScriptBuildPhase;
			buildActionMask = 2147483647;
			files = (
			);
			inputPaths = (
				"${SRCROOT}/Pods/Target Support Files/Pods-Runmapr/Pods-Runmapr-frameworks.sh",
				"${BUILT_PRODUCTS_DIR}/GTMSessionFetcher/GTMSessionFetcher.framework",
				"${BUILT_PRODUCTS_DIR}/GoogleToolboxForMac/GoogleToolboxForMac.framework",
				"${BUILT_PRODUCTS_DIR}/SwiftyJSON/SwiftyJSON.framework",
				"${BUILT_PRODUCTS_DIR}/leveldb-library/leveldb.framework",
				"${BUILT_PRODUCTS_DIR}/nanopb/nanopb.framework",
			);
			name = "[CP] Embed Pods Frameworks";
			outputPaths = (
				"${TARGET_BUILD_DIR}/${FRAMEWORKS_FOLDER_PATH}/GTMSessionFetcher.framework",
				"${TARGET_BUILD_DIR}/${FRAMEWORKS_FOLDER_PATH}/GoogleToolboxForMac.framework",
				"${TARGET_BUILD_DIR}/${FRAMEWORKS_FOLDER_PATH}/SwiftyJSON.framework",
				"${TARGET_BUILD_DIR}/${FRAMEWORKS_FOLDER_PATH}/leveldb.framework",
				"${TARGET_BUILD_DIR}/${FRAMEWORKS_FOLDER_PATH}/nanopb.framework",
			);
			runOnlyForDeploymentPostprocessing = 0;
			shellPath = /bin/sh;
			shellScript = "\"${SRCROOT}/Pods/Target Support Files/Pods-Runmapr/Pods-Runmapr-frameworks.sh\"\n";
			showEnvVarsInLog = 0;
		};
		F0F49666349C7CDBC39AEECD /* [CP] Check Pods Manifest.lock */ = {
			isa = PBXShellScriptBuildPhase;
			buildActionMask = 2147483647;
			files = (
			);
			inputPaths = (
				"${PODS_PODFILE_DIR_PATH}/Podfile.lock",
				"${PODS_ROOT}/Manifest.lock",
			);
			name = "[CP] Check Pods Manifest.lock";
			outputPaths = (
				"$(DERIVED_FILE_DIR)/Pods-Runmapr-checkManifestLockResult.txt",
			);
			runOnlyForDeploymentPostprocessing = 0;
			shellPath = /bin/sh;
			shellScript = "diff \"${PODS_PODFILE_DIR_PATH}/Podfile.lock\" \"${PODS_ROOT}/Manifest.lock\" > /dev/null\nif [ $? != 0 ] ; then\n    # print error to STDERR\n    echo \"error: The sandbox is not in sync with the Podfile.lock. Run 'pod install' or update your CocoaPods installation.\" >&2\n    exit 1\nfi\n# This output is used by Xcode 'outputs' to avoid re-running this script phase.\necho \"SUCCESS\" > \"${SCRIPT_OUTPUT_FILE_0}\"\n";
			showEnvVarsInLog = 0;
		};
/* End PBXShellScriptBuildPhase section */

/* Begin PBXSourcesBuildPhase section */
		078710BB20ADF17F00B7E020 /* Sources */ = {
			isa = PBXSourcesBuildPhase;
			buildActionMask = 2147483647;
			files = (
				078710C520ADF17F00B7E020 /* ViewController.swift in Sources */,
				078710C320ADF17F00B7E020 /* AppDelegate.swift in Sources */,
			);
			runOnlyForDeploymentPostprocessing = 0;
		};
/* End PBXSourcesBuildPhase section */

/* Begin PBXVariantGroup section */
		078710C620ADF17F00B7E020 /* Main.storyboard */ = {
			isa = PBXVariantGroup;
			children = (
				078710C720ADF17F00B7E020 /* Base */,
			);
			name = Main.storyboard;
			sourceTree = "<group>";
		};
		078710CB20ADF18000B7E020 /* LaunchScreen.storyboard */ = {
			isa = PBXVariantGroup;
			children = (
				078710CC20ADF18000B7E020 /* Base */,
			);
			name = LaunchScreen.storyboard;
			sourceTree = "<group>";
		};
/* End PBXVariantGroup section */

/* Begin XCBuildConfiguration section */
		078710CF20ADF18000B7E020 /* Debug */ = {
			isa = XCBuildConfiguration;
			buildSettings = {
				ALWAYS_SEARCH_USER_PATHS = NO;
				CLANG_ANALYZER_NONNULL = YES;
				CLANG_ANALYZER_NUMBER_OBJECT_CONVERSION = YES_AGGRESSIVE;
				CLANG_CXX_LANGUAGE_STANDARD = "gnu++14";
				CLANG_CXX_LIBRARY = "libc++";
				CLANG_ENABLE_MODULES = YES;
				CLANG_ENABLE_OBJC_ARC = YES;
				CLANG_ENABLE_OBJC_WEAK = YES;
				CLANG_WARN_BLOCK_CAPTURE_AUTORELEASING = YES;
				CLANG_WARN_BOOL_CONVERSION = YES;
				CLANG_WARN_COMMA = YES;
				CLANG_WARN_CONSTANT_CONVERSION = YES;
				CLANG_WARN_DEPRECATED_OBJC_IMPLEMENTATIONS = YES;
				CLANG_WARN_DIRECT_OBJC_ISA_USAGE = YES_ERROR;
				CLANG_WARN_DOCUMENTATION_COMMENTS = YES;
				CLANG_WARN_EMPTY_BODY = YES;
				CLANG_WARN_ENUM_CONVERSION = YES;
				CLANG_WARN_INFINITE_RECURSION = YES;
				CLANG_WARN_INT_CONVERSION = YES;
				CLANG_WARN_NON_LITERAL_NULL_CONVERSION = YES;
				CLANG_WARN_OBJC_IMPLICIT_RETAIN_SELF = YES;
				CLANG_WARN_OBJC_LITERAL_CONVERSION = YES;
				CLANG_WARN_OBJC_ROOT_CLASS = YES_ERROR;
				CLANG_WARN_RANGE_LOOP_ANALYSIS = YES;
				CLANG_WARN_STRICT_PROTOTYPES = YES;
				CLANG_WARN_SUSPICIOUS_MOVE = YES;
				CLANG_WARN_UNGUARDED_AVAILABILITY = YES_AGGRESSIVE;
				CLANG_WARN_UNREACHABLE_CODE = YES;
				CLANG_WARN__DUPLICATE_METHOD_MATCH = YES;
				CODE_SIGN_IDENTITY = "iPhone Developer";
				COPY_PHASE_STRIP = NO;
				DEBUG_INFORMATION_FORMAT = dwarf;
				ENABLE_STRICT_OBJC_MSGSEND = YES;
				ENABLE_TESTABILITY = YES;
				GCC_C_LANGUAGE_STANDARD = gnu11;
				GCC_DYNAMIC_NO_PIC = NO;
				GCC_NO_COMMON_BLOCKS = YES;
				GCC_OPTIMIZATION_LEVEL = 0;
				GCC_PREPROCESSOR_DEFINITIONS = (
					"DEBUG=1",
					"$(inherited)",
				);
				GCC_WARN_64_TO_32_BIT_CONVERSION = YES;
				GCC_WARN_ABOUT_RETURN_TYPE = YES_ERROR;
				GCC_WARN_UNDECLARED_SELECTOR = YES;
				GCC_WARN_UNINITIALIZED_AUTOS = YES_AGGRESSIVE;
				GCC_WARN_UNUSED_FUNCTION = YES;
				GCC_WARN_UNUSED_VARIABLE = YES;
				IPHONEOS_DEPLOYMENT_TARGET = 11.3;
				MTL_ENABLE_DEBUG_INFO = YES;
				ONLY_ACTIVE_ARCH = YES;
				SDKROOT = iphoneos;
				SWIFT_ACTIVE_COMPILATION_CONDITIONS = DEBUG;
				SWIFT_OPTIMIZATION_LEVEL = "-Onone";
			};
			name = Debug;
		};
		078710D020ADF18000B7E020 /* Release */ = {
			isa = XCBuildConfiguration;
			buildSettings = {
				ALWAYS_SEARCH_USER_PATHS = NO;
				CLANG_ANALYZER_NONNULL = YES;
				CLANG_ANALYZER_NUMBER_OBJECT_CONVERSION = YES_AGGRESSIVE;
				CLANG_CXX_LANGUAGE_STANDARD = "gnu++14";
				CLANG_CXX_LIBRARY = "libc++";
				CLANG_ENABLE_MODULES = YES;
				CLANG_ENABLE_OBJC_ARC = YES;
				CLANG_ENABLE_OBJC_WEAK = YES;
				CLANG_WARN_BLOCK_CAPTURE_AUTORELEASING = YES;
				CLANG_WARN_BOOL_CONVERSION = YES;
				CLANG_WARN_COMMA = YES;
				CLANG_WARN_CONSTANT_CONVERSION = YES;
				CLANG_WARN_DEPRECATED_OBJC_IMPLEMENTATIONS = YES;
				CLANG_WARN_DIRECT_OBJC_ISA_USAGE = YES_ERROR;
				CLANG_WARN_DOCUMENTATION_COMMENTS = YES;
				CLANG_WARN_EMPTY_BODY = YES;
				CLANG_WARN_ENUM_CONVERSION = YES;
				CLANG_WARN_INFINITE_RECURSION = YES;
				CLANG_WARN_INT_CONVERSION = YES;
				CLANG_WARN_NON_LITERAL_NULL_CONVERSION = YES;
				CLANG_WARN_OBJC_IMPLICIT_RETAIN_SELF = YES;
				CLANG_WARN_OBJC_LITERAL_CONVERSION = YES;
				CLANG_WARN_OBJC_ROOT_CLASS = YES_ERROR;
				CLANG_WARN_RANGE_LOOP_ANALYSIS = YES;
				CLANG_WARN_STRICT_PROTOTYPES = YES;
				CLANG_WARN_SUSPICIOUS_MOVE = YES;
				CLANG_WARN_UNGUARDED_AVAILABILITY = YES_AGGRESSIVE;
				CLANG_WARN_UNREACHABLE_CODE = YES;
				CLANG_WARN__DUPLICATE_METHOD_MATCH = YES;
				CODE_SIGN_IDENTITY = "iPhone Developer";
				COPY_PHASE_STRIP = NO;
				DEBUG_INFORMATION_FORMAT = "dwarf-with-dsym";
				ENABLE_NS_ASSERTIONS = NO;
				ENABLE_STRICT_OBJC_MSGSEND = YES;
				GCC_C_LANGUAGE_STANDARD = gnu11;
				GCC_NO_COMMON_BLOCKS = YES;
				GCC_WARN_64_TO_32_BIT_CONVERSION = YES;
				GCC_WARN_ABOUT_RETURN_TYPE = YES_ERROR;
				GCC_WARN_UNDECLARED_SELECTOR = YES;
				GCC_WARN_UNINITIALIZED_AUTOS = YES_AGGRESSIVE;
				GCC_WARN_UNUSED_FUNCTION = YES;
				GCC_WARN_UNUSED_VARIABLE = YES;
				IPHONEOS_DEPLOYMENT_TARGET = 11.3;
				MTL_ENABLE_DEBUG_INFO = NO;
				SDKROOT = iphoneos;
				SWIFT_COMPILATION_MODE = wholemodule;
				SWIFT_OPTIMIZATION_LEVEL = "-O";
				VALIDATE_PRODUCT = YES;
			};
			name = Release;
		};
		078710D220ADF18000B7E020 /* Debug */ = {
			isa = XCBuildConfiguration;
			baseConfigurationReference = 5CE033654599923F11850B2F /* Pods-Runmapr.debug.xcconfig */;
			buildSettings = {
				ASSETCATALOG_COMPILER_APPICON_NAME = AppIcon;
				CODE_SIGN_STYLE = Automatic;
				DEVELOPMENT_TEAM = 92TM8QQ744;
				INFOPLIST_FILE = Runmapr/Info.plist;
				LD_RUNPATH_SEARCH_PATHS = (
					"$(inherited)",
					"@executable_path/Frameworks",
				);
				PRODUCT_BUNDLE_IDENTIFIER = com.agreenb.Runmapr;
				PRODUCT_NAME = "$(TARGET_NAME)";
				SWIFT_VERSION = 4.0;
				TARGETED_DEVICE_FAMILY = "1,2";
			};
			name = Debug;
		};
		078710D320ADF18000B7E020 /* Release */ = {
			isa = XCBuildConfiguration;
			baseConfigurationReference = B2F447BAFACD5F9E8C4E1FA5 /* Pods-Runmapr.release.xcconfig */;
			buildSettings = {
				ASSETCATALOG_COMPILER_APPICON_NAME = AppIcon;
				CODE_SIGN_STYLE = Automatic;
				DEVELOPMENT_TEAM = 92TM8QQ744;
				INFOPLIST_FILE = Runmapr/Info.plist;
				LD_RUNPATH_SEARCH_PATHS = (
					"$(inherited)",
					"@executable_path/Frameworks",
				);
				PRODUCT_BUNDLE_IDENTIFIER = com.agreenb.Runmapr;
				PRODUCT_NAME = "$(TARGET_NAME)";
				SWIFT_VERSION = 4.0;
				TARGETED_DEVICE_FAMILY = "1,2";
			};
			name = Release;
		};
/* End XCBuildConfiguration section */

/* Begin XCConfigurationList section */
		078710BA20ADF17F00B7E020 /* Build configuration list for PBXProject "Runmapr" */ = {
			isa = XCConfigurationList;
			buildConfigurations = (
				078710CF20ADF18000B7E020 /* Debug */,
				078710D020ADF18000B7E020 /* Release */,
			);
			defaultConfigurationIsVisible = 0;
			defaultConfigurationName = Release;
		};
		078710D120ADF18000B7E020 /* Build configuration list for PBXNativeTarget "Runmapr" */ = {
			isa = XCConfigurationList;
			buildConfigurations = (
				078710D220ADF18000B7E020 /* Debug */,
				078710D320ADF18000B7E020 /* Release */,
			);
			defaultConfigurationIsVisible = 0;
			defaultConfigurationName = Release;
		};
/* End XCConfigurationList section */
	};
	rootObject = 078710B720ADF17F00B7E020 /* Project object */;
}
